
Microsoft Visual Studio Solution File, Format Version 12.00
# Visual Studio Version 17
VisualStudioVersion = 17.7.34031.279
MinimumVisualStudioVersion = 10.0.40219.1
Project("{FAE04EC0-301F-11D3-BF4B-00C04F79EFBC}") = "Entities", "Entities\Entities.csproj", "{990245C5-F973-4F6C-B4CD-BD2AFF64B689}"
EndProject
Project("{FAE04EC0-301F-11D3-BF4B-00C04F79EFBC}") = "DataAcsess", "DataAcsess\DataAcsess.csproj", "{8F68C529-9698-456A-9B18-3FD4D7AEC9AB}"
EndProject
Project("{FAE04EC0-301F-11D3-BF4B-00C04F79EFBC}") = "Core", "Core\Core.csproj", "{DB288469-86C6-47CF-8506-E398CB07DCBA}"
EndProject
Project("{FAE04EC0-301F-11D3-BF4B-00C04F79EFBC}") = "Business", "Business\Business.csproj", "{91B3CDF7-2FD3-495E-8C86-7D03AC3920C8}"
EndProject
Project("{FAE04EC0-301F-11D3-BF4B-00C04F79EFBC}") = "ECommorceWeb", "ECommorceWeb\ECommorceWeb.csproj", "{B6DF33DF-15FD-4555-91EC-9DDAABE7BCE1}"
EndProject
Global
	GlobalSection(SolutionConfigurationPlatforms) = preSolution
		Debug|Any CPU = Debug|Any CPU
		Release|Any CPU = Release|Any CPU
	EndGlobalSection
	GlobalSection(ProjectConfigurationPlatforms) = postSolution
		{990245C5-F973-4F6C-B4CD-BD2AFF64B689}.Debug|Any CPU.ActiveCfg = Debug|Any CPU
		{990245C5-F973-4F6C-B4CD-BD2AFF64B689}.Debug|Any CPU.Build.0 = Debug|Any CPU
		{990245C5-F973-4F6C-B4CD-BD2AFF64B689}.Release|Any CPU.ActiveCfg = Release|Any CPU
		{990245C5-F973-4F6C-B4CD-BD2AFF64B689}.Release|Any CPU.Build.0 = Release|Any CPU
		{8F68C529-9698-456A-9B18-3FD4D7AEC9AB}.Debug|Any CPU.ActiveCfg = Debug|Any CPU
		{8F68C529-9698-456A-9B18-3FD4D7AEC9AB}.Debug|Any CPU.Build.0 = Debug|Any CPU
		{8F68C529-9698-456A-9B18-3FD4D7AEC9AB}.Release|Any CPU.ActiveCfg = Release|Any CPU
		{8F68C529-9698-456A-9B18-3FD4D7AEC9AB}.Release|Any CPU.Build.0 = Release|Any CPU
		{DB288469-86C6-47CF-8506-E398CB07DCBA}.Debug|Any CPU.ActiveCfg = Debug|Any CPU
		{DB288469-86C6-47CF-8506-E398CB07DCBA}.Debug|Any CPU.Build.0 = Debug|Any CPU
		{DB288469-86C6-47CF-8506-E398CB07DCBA}.Release|Any CPU.ActiveCfg = Release|Any CPU
		{DB288469-86C6-47CF-8506-E398CB07DCBA}.Release|Any CPU.Build.0 = Release|Any CPU
		{91B3CDF7-2FD3-495E-8C86-7D03AC3920C8}.Debug|Any CPU.ActiveCfg = Debug|Any CPU
		{91B3CDF7-2FD3-495E-8C86-7D03AC3920C8}.Debug|Any CPU.Build.0 = Debug|Any CPU
		{91B3CDF7-2FD3-495E-8C86-7D03AC3920C8}.Release|Any CPU.ActiveCfg = Release|Any CPU
		{91B3CDF7-2FD3-495E-8C86-7D03AC3920C8}.Release|Any CPU.Build.0 = Release|Any CPU
		{B6DF33DF-15FD-4555-91EC-9DDAABE7BCE1}.Debug|Any CPU.ActiveCfg = Debug|Any CPU
		{B6DF33DF-15FD-4555-91EC-9DDAABE7BCE1}.Debug|Any CPU.Build.0 = Debug|Any CPU
		{B6DF33DF-15FD-4555-91EC-9DDAABE7BCE1}.Release|Any CPU.ActiveCfg = Release|Any CPU
		{B6DF33DF-15FD-4555-91EC-9DDAABE7BCE1}.Release|Any CPU.Build.0 = Release|Any CPU
	EndGlobalSection
	GlobalSection(SolutionProperties) = preSolution
		HideSolutionNode = FALSE
	EndGlobalSection
	GlobalSection(ExtensibilityGlobals) = postSolution
		SolutionGuid = {C3E9EF64-6011-406D-99E6-6AD0F24B9D52}
	EndGlobalSection
EndGlobal
